
Microsoft Visual Studio Solution File, Format Version 12.00
# Visual Studio 2013
VisualStudioVersion = 12.0.30324.0
MinimumVisualStudioVersion = 10.0.40219.1
Project("{FAE04EC0-301F-11D3-BF4B-00C04F79EFBC}") = "DataTypes", "DataTypes\DataTypes.csproj", "{3D668C51-5A50-48BB-9701-6BCB5C54D9A5}"
EndProject
Global
	GlobalSection(SolutionConfigurationPlatforms) = preSolution
		Debug|Any CPU = Debug|Any CPU
		Release|Any CPU = Release|Any CPU
	EndGlobalSection
	GlobalSection(ProjectConfigurationPlatforms) = postSolution
		{3D668C51-5A50-48BB-9701-6BCB5C54D9A5}.Debug|Any CPU.ActiveCfg = Debug|Any CPU
		{3D668C51-5A50-48BB-9701-6BCB5C54D9A5}.Debug|Any CPU.Build.0 = Debug|Any CPU
		{3D668C51-5A50-48BB-9701-6BCB5C54D9A5}.Release|Any CPU.ActiveCfg = Release|Any CPU
		{3D668C51-5A50-48BB-9701-6BCB5C54D9A5}.Release|Any CPU.Build.0 = Release|Any CPU
	EndGlobalSection
	GlobalSection(SolutionProperties) = preSolution
		HideSolutionNode = FALSE
	EndGlobalSection
EndGlobal
