
Microsoft Visual Studio Solution File, Format Version 12.00
# Visual Studio 2013
VisualStudioVersion = 12.0.30324.0
MinimumVisualStudioVersion = 10.0.40219.1
Project("{FAE04EC0-301F-11D3-BF4B-00C04F79EFBC}") = "JSF_Loops", "JSF-Loops\JSF_Loops.csproj", "{D0CFE8C7-2B73-4018-AC44-5BAE59B1E10A}"
EndProject
Global
	GlobalSection(SolutionConfigurationPlatforms) = preSolution
		Debug|Any CPU = Debug|Any CPU
		Release|Any CPU = Release|Any CPU
	EndGlobalSection
	GlobalSection(ProjectConfigurationPlatforms) = postSolution
		{D0CFE8C7-2B73-4018-AC44-5BAE59B1E10A}.Debug|Any CPU.ActiveCfg = Debug|Any CPU
		{D0CFE8C7-2B73-4018-AC44-5BAE59B1E10A}.Debug|Any CPU.Build.0 = Debug|Any CPU
		{D0CFE8C7-2B73-4018-AC44-5BAE59B1E10A}.Release|Any CPU.ActiveCfg = Release|Any CPU
		{D0CFE8C7-2B73-4018-AC44-5BAE59B1E10A}.Release|Any CPU.Build.0 = Release|Any CPU
	EndGlobalSection
	GlobalSection(SolutionProperties) = preSolution
		HideSolutionNode = FALSE
	EndGlobalSection
EndGlobal
